
Microsoft Visual Studio Solution File, Format Version 12.00
Project("{FAE04EC0-301F-11D3-BF4B-00C04F79EFBC}") = "KK.Utilities", "KK.Utilities\KK.Utilities.csproj", "{8C5F7DAB-53E1-4CC2-9ADC-E7FA329AD397}"
EndProject
Project("{FAE04EC0-301F-11D3-BF4B-00C04F79EFBC}") = "Tests", "Tests\Tests.csproj", "{0A2412BE-EAE1-40DA-B494-53D2330E4ECE}"
EndProject
Global
	GlobalSection(SolutionConfigurationPlatforms) = preSolution
		Debug|Any CPU = Debug|Any CPU
		Release|Any CPU = Release|Any CPU
	EndGlobalSection
	GlobalSection(ProjectConfigurationPlatforms) = postSolution
		{8C5F7DAB-53E1-4CC2-9ADC-E7FA329AD397}.Debug|Any CPU.ActiveCfg = Debug|Any CPU
		{8C5F7DAB-53E1-4CC2-9ADC-E7FA329AD397}.Debug|Any CPU.Build.0 = Debug|Any CPU
		{8C5F7DAB-53E1-4CC2-9ADC-E7FA329AD397}.Release|Any CPU.ActiveCfg = Release|Any CPU
		{8C5F7DAB-53E1-4CC2-9ADC-E7FA329AD397}.Release|Any CPU.Build.0 = Release|Any CPU
		{0A2412BE-EAE1-40DA-B494-53D2330E4ECE}.Debug|Any CPU.ActiveCfg = Debug|Any CPU
		{0A2412BE-EAE1-40DA-B494-53D2330E4ECE}.Debug|Any CPU.Build.0 = Debug|Any CPU
		{0A2412BE-EAE1-40DA-B494-53D2330E4ECE}.Release|Any CPU.ActiveCfg = Release|Any CPU
		{0A2412BE-EAE1-40DA-B494-53D2330E4ECE}.Release|Any CPU.Build.0 = Release|Any CPU
	EndGlobalSection
EndGlobal
