
Microsoft Visual Studio Solution File, Format Version 12.00
# Visual Studio 2013
VisualStudioVersion = 12.0.40629.0
MinimumVisualStudioVersion = 10.0.40219.1
Project("{FAE04EC0-301F-11D3-BF4B-00C04F79EFBC}") = "einfacherHttpServer", "einfacherHttpServer\einfacherHttpServer.csproj", "{5D8170A1-073F-4348-BCA9-D027634E17F3}"
	ProjectSection(ProjectDependencies) = postProject
		{BB232C50-6838-4157-B7C4-8A83510C716E} = {BB232C50-6838-4157-B7C4-8A83510C716E}
	EndProjectSection
EndProject
Project("{2150E333-8FDC-42A3-9474-1A3956D46DE8}") = "KLib", "KLib", "{D98324AC-4773-41F3-B92C-FE25DC6A26DD}"
EndProject
Project("{FAE04EC0-301F-11D3-BF4B-00C04F79EFBC}") = "01Base", "..\KLib\01Base\01Base.csproj", "{385DBB6C-DD83-4F45-818C-1638671D2B12}"
EndProject
Project("{FAE04EC0-301F-11D3-BF4B-00C04F79EFBC}") = "02Sql", "..\KLib\02Sql\02Sql.csproj", "{BB232C50-6838-4157-B7C4-8A83510C716E}"
EndProject
Global
	GlobalSection(SolutionConfigurationPlatforms) = preSolution
		Debug|Any CPU = Debug|Any CPU
		Release|Any CPU = Release|Any CPU
	EndGlobalSection
	GlobalSection(ProjectConfigurationPlatforms) = postSolution
		{5D8170A1-073F-4348-BCA9-D027634E17F3}.Debug|Any CPU.ActiveCfg = Debug|Any CPU
		{5D8170A1-073F-4348-BCA9-D027634E17F3}.Debug|Any CPU.Build.0 = Debug|Any CPU
		{5D8170A1-073F-4348-BCA9-D027634E17F3}.Release|Any CPU.ActiveCfg = Release|Any CPU
		{5D8170A1-073F-4348-BCA9-D027634E17F3}.Release|Any CPU.Build.0 = Release|Any CPU
		{385DBB6C-DD83-4F45-818C-1638671D2B12}.Debug|Any CPU.ActiveCfg = Debug|Any CPU
		{385DBB6C-DD83-4F45-818C-1638671D2B12}.Debug|Any CPU.Build.0 = Debug|Any CPU
		{385DBB6C-DD83-4F45-818C-1638671D2B12}.Release|Any CPU.ActiveCfg = Release|Any CPU
		{385DBB6C-DD83-4F45-818C-1638671D2B12}.Release|Any CPU.Build.0 = Release|Any CPU
		{BB232C50-6838-4157-B7C4-8A83510C716E}.Debug|Any CPU.ActiveCfg = Debug|Any CPU
		{BB232C50-6838-4157-B7C4-8A83510C716E}.Debug|Any CPU.Build.0 = Debug|Any CPU
		{BB232C50-6838-4157-B7C4-8A83510C716E}.Release|Any CPU.ActiveCfg = Release|Any CPU
		{BB232C50-6838-4157-B7C4-8A83510C716E}.Release|Any CPU.Build.0 = Release|Any CPU
	EndGlobalSection
	GlobalSection(SolutionProperties) = preSolution
		HideSolutionNode = FALSE
	EndGlobalSection
	GlobalSection(NestedProjects) = preSolution
		{385DBB6C-DD83-4F45-818C-1638671D2B12} = {D98324AC-4773-41F3-B92C-FE25DC6A26DD}
		{BB232C50-6838-4157-B7C4-8A83510C716E} = {D98324AC-4773-41F3-B92C-FE25DC6A26DD}
	EndGlobalSection
EndGlobal
