
Microsoft Visual Studio Solution File, Format Version 12.00
# Visual Studio 2013
VisualStudioVersion = 12.0.31101.0
MinimumVisualStudioVersion = 10.0.40219.1
Project("{FAE04EC0-301F-11D3-BF4B-00C04F79EFBC}") = "01Base", "01Base\01Base.csproj", "{385DBB6C-DD83-4F45-818C-1638671D2B12}"
EndProject
Project("{FAE04EC0-301F-11D3-BF4B-00C04F79EFBC}") = "Test_Console", "Test\Test_Console.csproj", "{50DE5E60-DD38-49AD-B3E0-135B91789EF4}"
	ProjectSection(ProjectDependencies) = postProject
		{BB232C50-6838-4157-B7C4-8A83510C716E} = {BB232C50-6838-4157-B7C4-8A83510C716E}
		{385DBB6C-DD83-4F45-818C-1638671D2B12} = {385DBB6C-DD83-4F45-818C-1638671D2B12}
	EndProjectSection
EndProject
Project("{FAE04EC0-301F-11D3-BF4B-00C04F79EFBC}") = "02Sql", "02Sql\02Sql.csproj", "{BB232C50-6838-4157-B7C4-8A83510C716E}"
	ProjectSection(ProjectDependencies) = postProject
		{385DBB6C-DD83-4F45-818C-1638671D2B12} = {385DBB6C-DD83-4F45-818C-1638671D2B12}
	EndProjectSection
EndProject
Project("{FAE04EC0-301F-11D3-BF4B-00C04F79EFBC}") = "05ToolsForms", "05ToolsForms\05ToolsForms.csproj", "{8D19258D-375D-48A5-9BAC-0A3BD5BDAA0D}"
	ProjectSection(ProjectDependencies) = postProject
		{385DBB6C-DD83-4F45-818C-1638671D2B12} = {385DBB6C-DD83-4F45-818C-1638671D2B12}
	EndProjectSection
EndProject
Project("{FAE04EC0-301F-11D3-BF4B-00C04F79EFBC}") = "Test_Forms", "Test_Forms\Test_Forms.csproj", "{0F4A6F24-A170-49E6-AE42-E11FA5028579}"
	ProjectSection(ProjectDependencies) = postProject
		{BB232C50-6838-4157-B7C4-8A83510C716E} = {BB232C50-6838-4157-B7C4-8A83510C716E}
		{385DBB6C-DD83-4F45-818C-1638671D2B12} = {385DBB6C-DD83-4F45-818C-1638671D2B12}
		{8D19258D-375D-48A5-9BAC-0A3BD5BDAA0D} = {8D19258D-375D-48A5-9BAC-0A3BD5BDAA0D}
	EndProjectSection
EndProject
Project("{FAE04EC0-301F-11D3-BF4B-00C04F79EFBC}") = "05ToolsWPF", "05ToolsWPF\05ToolsWPF.csproj", "{B43352E1-CA2E-4C64-B6DC-B1AB5BD17DA4}"
	ProjectSection(ProjectDependencies) = postProject
		{385DBB6C-DD83-4F45-818C-1638671D2B12} = {385DBB6C-DD83-4F45-818C-1638671D2B12}
	EndProjectSection
EndProject
Project("{FAE04EC0-301F-11D3-BF4B-00C04F79EFBC}") = "Test_WPF", "Test_WPF\Test_WPF.csproj", "{0BE7ACE8-26A2-437B-A97A-2B91A32D0695}"
	ProjectSection(ProjectDependencies) = postProject
		{BB232C50-6838-4157-B7C4-8A83510C716E} = {BB232C50-6838-4157-B7C4-8A83510C716E}
		{385DBB6C-DD83-4F45-818C-1638671D2B12} = {385DBB6C-DD83-4F45-818C-1638671D2B12}
		{465B5D8C-EB79-4C90-B269-13FD7392ED6B} = {465B5D8C-EB79-4C90-B269-13FD7392ED6B}
		{B43352E1-CA2E-4C64-B6DC-B1AB5BD17DA4} = {B43352E1-CA2E-4C64-B6DC-B1AB5BD17DA4}
	EndProjectSection
EndProject
Project("{FAE04EC0-301F-11D3-BF4B-00C04F79EFBC}") = "UnitTestBase", "UnitTestBase\UnitTestBase.csproj", "{60826460-ADDB-458D-A6C1-691E5C869C35}"
	ProjectSection(ProjectDependencies) = postProject
		{385DBB6C-DD83-4F45-818C-1638671D2B12} = {385DBB6C-DD83-4F45-818C-1638671D2B12}
	EndProjectSection
EndProject
Project("{FAE04EC0-301F-11D3-BF4B-00C04F79EFBC}") = "02Net", "02Net\02Net.csproj", "{AE216C8E-242A-4859-8E08-07013D2770BF}"
	ProjectSection(ProjectDependencies) = postProject
		{385DBB6C-DD83-4F45-818C-1638671D2B12} = {385DBB6C-DD83-4F45-818C-1638671D2B12}
	EndProjectSection
EndProject
Project("{FAE04EC0-301F-11D3-BF4B-00C04F79EFBC}") = "05WpfTools", "05WpfTools\05WpfTools.csproj", "{465B5D8C-EB79-4C90-B269-13FD7392ED6B}"
	ProjectSection(ProjectDependencies) = postProject
		{385DBB6C-DD83-4F45-818C-1638671D2B12} = {385DBB6C-DD83-4F45-818C-1638671D2B12}
	EndProjectSection
EndProject
Global
	GlobalSection(SolutionConfigurationPlatforms) = preSolution
		Debug|Any CPU = Debug|Any CPU
		Release|Any CPU = Release|Any CPU
	EndGlobalSection
	GlobalSection(ProjectConfigurationPlatforms) = postSolution
		{385DBB6C-DD83-4F45-818C-1638671D2B12}.Debug|Any CPU.ActiveCfg = Debug|Any CPU
		{385DBB6C-DD83-4F45-818C-1638671D2B12}.Debug|Any CPU.Build.0 = Debug|Any CPU
		{385DBB6C-DD83-4F45-818C-1638671D2B12}.Release|Any CPU.ActiveCfg = Release|Any CPU
		{385DBB6C-DD83-4F45-818C-1638671D2B12}.Release|Any CPU.Build.0 = Release|Any CPU
		{50DE5E60-DD38-49AD-B3E0-135B91789EF4}.Debug|Any CPU.ActiveCfg = Debug|Any CPU
		{50DE5E60-DD38-49AD-B3E0-135B91789EF4}.Debug|Any CPU.Build.0 = Debug|Any CPU
		{50DE5E60-DD38-49AD-B3E0-135B91789EF4}.Release|Any CPU.ActiveCfg = Release|Any CPU
		{50DE5E60-DD38-49AD-B3E0-135B91789EF4}.Release|Any CPU.Build.0 = Release|Any CPU
		{BB232C50-6838-4157-B7C4-8A83510C716E}.Debug|Any CPU.ActiveCfg = Debug|Any CPU
		{BB232C50-6838-4157-B7C4-8A83510C716E}.Debug|Any CPU.Build.0 = Debug|Any CPU
		{BB232C50-6838-4157-B7C4-8A83510C716E}.Release|Any CPU.ActiveCfg = Release|Any CPU
		{BB232C50-6838-4157-B7C4-8A83510C716E}.Release|Any CPU.Build.0 = Release|Any CPU
		{8D19258D-375D-48A5-9BAC-0A3BD5BDAA0D}.Debug|Any CPU.ActiveCfg = Debug|Any CPU
		{8D19258D-375D-48A5-9BAC-0A3BD5BDAA0D}.Debug|Any CPU.Build.0 = Debug|Any CPU
		{8D19258D-375D-48A5-9BAC-0A3BD5BDAA0D}.Release|Any CPU.ActiveCfg = Release|Any CPU
		{8D19258D-375D-48A5-9BAC-0A3BD5BDAA0D}.Release|Any CPU.Build.0 = Release|Any CPU
		{0F4A6F24-A170-49E6-AE42-E11FA5028579}.Debug|Any CPU.ActiveCfg = Debug|Any CPU
		{0F4A6F24-A170-49E6-AE42-E11FA5028579}.Debug|Any CPU.Build.0 = Debug|Any CPU
		{0F4A6F24-A170-49E6-AE42-E11FA5028579}.Release|Any CPU.ActiveCfg = Release|Any CPU
		{0F4A6F24-A170-49E6-AE42-E11FA5028579}.Release|Any CPU.Build.0 = Release|Any CPU
		{B43352E1-CA2E-4C64-B6DC-B1AB5BD17DA4}.Debug|Any CPU.ActiveCfg = Debug|Any CPU
		{B43352E1-CA2E-4C64-B6DC-B1AB5BD17DA4}.Debug|Any CPU.Build.0 = Debug|Any CPU
		{B43352E1-CA2E-4C64-B6DC-B1AB5BD17DA4}.Release|Any CPU.ActiveCfg = Release|Any CPU
		{B43352E1-CA2E-4C64-B6DC-B1AB5BD17DA4}.Release|Any CPU.Build.0 = Release|Any CPU
		{0BE7ACE8-26A2-437B-A97A-2B91A32D0695}.Debug|Any CPU.ActiveCfg = Debug|Any CPU
		{0BE7ACE8-26A2-437B-A97A-2B91A32D0695}.Debug|Any CPU.Build.0 = Debug|Any CPU
		{0BE7ACE8-26A2-437B-A97A-2B91A32D0695}.Release|Any CPU.ActiveCfg = Release|Any CPU
		{0BE7ACE8-26A2-437B-A97A-2B91A32D0695}.Release|Any CPU.Build.0 = Release|Any CPU
		{60826460-ADDB-458D-A6C1-691E5C869C35}.Debug|Any CPU.ActiveCfg = Debug|Any CPU
		{60826460-ADDB-458D-A6C1-691E5C869C35}.Debug|Any CPU.Build.0 = Debug|Any CPU
		{60826460-ADDB-458D-A6C1-691E5C869C35}.Release|Any CPU.ActiveCfg = Release|Any CPU
		{60826460-ADDB-458D-A6C1-691E5C869C35}.Release|Any CPU.Build.0 = Release|Any CPU
		{AE216C8E-242A-4859-8E08-07013D2770BF}.Debug|Any CPU.ActiveCfg = Debug|Any CPU
		{AE216C8E-242A-4859-8E08-07013D2770BF}.Debug|Any CPU.Build.0 = Debug|Any CPU
		{AE216C8E-242A-4859-8E08-07013D2770BF}.Release|Any CPU.ActiveCfg = Release|Any CPU
		{AE216C8E-242A-4859-8E08-07013D2770BF}.Release|Any CPU.Build.0 = Release|Any CPU
		{465B5D8C-EB79-4C90-B269-13FD7392ED6B}.Debug|Any CPU.ActiveCfg = Debug|Any CPU
		{465B5D8C-EB79-4C90-B269-13FD7392ED6B}.Debug|Any CPU.Build.0 = Debug|Any CPU
		{465B5D8C-EB79-4C90-B269-13FD7392ED6B}.Release|Any CPU.ActiveCfg = Release|Any CPU
		{465B5D8C-EB79-4C90-B269-13FD7392ED6B}.Release|Any CPU.Build.0 = Release|Any CPU
	EndGlobalSection
	GlobalSection(SolutionProperties) = preSolution
		HideSolutionNode = FALSE
	EndGlobalSection
EndGlobal
