
Microsoft Visual Studio Solution File, Format Version 12.00
# Visual Studio 2013
VisualStudioVersion = 12.0.40629.0
MinimumVisualStudioVersion = 10.0.40219.1
Project("{8BC9CEB8-8B4A-11D0-8D11-00A0C91BC942}") = "xd", "xd\xd.vcxproj", "{F7C4EC5A-BD4E-4C16-8FF2-CD869862AEC0}"
	ProjectSection(ProjectDependencies) = postProject
		{15CBE838-E1A5-4125-B936-8FCBBDBCE8A5} = {15CBE838-E1A5-4125-B936-8FCBBDBCE8A5}
	EndProjectSection
EndProject
Project("{8BC9CEB8-8B4A-11D0-8D11-00A0C91BC942}") = "mylib", "mylib\mylib.vcxproj", "{15CBE838-E1A5-4125-B936-8FCBBDBCE8A5}"
EndProject
Project("{8BC9CEB8-8B4A-11D0-8D11-00A0C91BC942}") = "sSleep", "ssleep\sSleep.vcxproj", "{005A1ED4-397A-4BAB-8282-34EE0189657C}"
EndProject
Project("{8BC9CEB8-8B4A-11D0-8D11-00A0C91BC942}") = "ConColor", "ConColor\ConColor.vcxproj", "{2F95212B-B9F3-4376-90D1-A5C793DF48B6}"
EndProject
Global
	GlobalSection(SolutionConfigurationPlatforms) = preSolution
		Debug|Any CPU = Debug|Any CPU
		Debug|Mixed Platforms = Debug|Mixed Platforms
		Debug|Win32 = Debug|Win32
		Release|Any CPU = Release|Any CPU
		Release|Mixed Platforms = Release|Mixed Platforms
		Release|Win32 = Release|Win32
	EndGlobalSection
	GlobalSection(ProjectConfigurationPlatforms) = postSolution
		{F7C4EC5A-BD4E-4C16-8FF2-CD869862AEC0}.Debug|Any CPU.ActiveCfg = Debug|Win32
		{F7C4EC5A-BD4E-4C16-8FF2-CD869862AEC0}.Debug|Mixed Platforms.ActiveCfg = Debug|Win32
		{F7C4EC5A-BD4E-4C16-8FF2-CD869862AEC0}.Debug|Mixed Platforms.Build.0 = Debug|Win32
		{F7C4EC5A-BD4E-4C16-8FF2-CD869862AEC0}.Debug|Win32.ActiveCfg = Debug|Win32
		{F7C4EC5A-BD4E-4C16-8FF2-CD869862AEC0}.Debug|Win32.Build.0 = Debug|Win32
		{F7C4EC5A-BD4E-4C16-8FF2-CD869862AEC0}.Release|Any CPU.ActiveCfg = Release|Win32
		{F7C4EC5A-BD4E-4C16-8FF2-CD869862AEC0}.Release|Mixed Platforms.ActiveCfg = Release|Win32
		{F7C4EC5A-BD4E-4C16-8FF2-CD869862AEC0}.Release|Mixed Platforms.Build.0 = Release|Win32
		{F7C4EC5A-BD4E-4C16-8FF2-CD869862AEC0}.Release|Win32.ActiveCfg = Release|Win32
		{F7C4EC5A-BD4E-4C16-8FF2-CD869862AEC0}.Release|Win32.Build.0 = Release|Win32
		{15CBE838-E1A5-4125-B936-8FCBBDBCE8A5}.Debug|Any CPU.ActiveCfg = Debug|Win32
		{15CBE838-E1A5-4125-B936-8FCBBDBCE8A5}.Debug|Mixed Platforms.ActiveCfg = Debug|Win32
		{15CBE838-E1A5-4125-B936-8FCBBDBCE8A5}.Debug|Mixed Platforms.Build.0 = Debug|Win32
		{15CBE838-E1A5-4125-B936-8FCBBDBCE8A5}.Debug|Win32.ActiveCfg = Debug|Win32
		{15CBE838-E1A5-4125-B936-8FCBBDBCE8A5}.Debug|Win32.Build.0 = Debug|Win32
		{15CBE838-E1A5-4125-B936-8FCBBDBCE8A5}.Release|Any CPU.ActiveCfg = Release|Win32
		{15CBE838-E1A5-4125-B936-8FCBBDBCE8A5}.Release|Mixed Platforms.ActiveCfg = Release|Win32
		{15CBE838-E1A5-4125-B936-8FCBBDBCE8A5}.Release|Mixed Platforms.Build.0 = Release|Win32
		{15CBE838-E1A5-4125-B936-8FCBBDBCE8A5}.Release|Win32.ActiveCfg = Release|Win32
		{15CBE838-E1A5-4125-B936-8FCBBDBCE8A5}.Release|Win32.Build.0 = Release|Win32
		{005A1ED4-397A-4BAB-8282-34EE0189657C}.Debug|Any CPU.ActiveCfg = Debug|Win32
		{005A1ED4-397A-4BAB-8282-34EE0189657C}.Debug|Mixed Platforms.ActiveCfg = Debug|Win32
		{005A1ED4-397A-4BAB-8282-34EE0189657C}.Debug|Mixed Platforms.Build.0 = Debug|Win32
		{005A1ED4-397A-4BAB-8282-34EE0189657C}.Debug|Win32.ActiveCfg = Debug|Win32
		{005A1ED4-397A-4BAB-8282-34EE0189657C}.Debug|Win32.Build.0 = Debug|Win32
		{005A1ED4-397A-4BAB-8282-34EE0189657C}.Release|Any CPU.ActiveCfg = Release|Win32
		{005A1ED4-397A-4BAB-8282-34EE0189657C}.Release|Mixed Platforms.ActiveCfg = Release|Win32
		{005A1ED4-397A-4BAB-8282-34EE0189657C}.Release|Mixed Platforms.Build.0 = Release|Win32
		{005A1ED4-397A-4BAB-8282-34EE0189657C}.Release|Win32.ActiveCfg = Release|Win32
		{005A1ED4-397A-4BAB-8282-34EE0189657C}.Release|Win32.Build.0 = Release|Win32
		{2F95212B-B9F3-4376-90D1-A5C793DF48B6}.Debug|Any CPU.ActiveCfg = Debug|Win32
		{2F95212B-B9F3-4376-90D1-A5C793DF48B6}.Debug|Mixed Platforms.ActiveCfg = Debug|Win32
		{2F95212B-B9F3-4376-90D1-A5C793DF48B6}.Debug|Mixed Platforms.Build.0 = Debug|Win32
		{2F95212B-B9F3-4376-90D1-A5C793DF48B6}.Debug|Win32.ActiveCfg = Debug|Win32
		{2F95212B-B9F3-4376-90D1-A5C793DF48B6}.Debug|Win32.Build.0 = Debug|Win32
		{2F95212B-B9F3-4376-90D1-A5C793DF48B6}.Release|Any CPU.ActiveCfg = Release|Win32
		{2F95212B-B9F3-4376-90D1-A5C793DF48B6}.Release|Mixed Platforms.ActiveCfg = Release|Win32
		{2F95212B-B9F3-4376-90D1-A5C793DF48B6}.Release|Mixed Platforms.Build.0 = Release|Win32
		{2F95212B-B9F3-4376-90D1-A5C793DF48B6}.Release|Win32.ActiveCfg = Release|Win32
		{2F95212B-B9F3-4376-90D1-A5C793DF48B6}.Release|Win32.Build.0 = Release|Win32
	EndGlobalSection
	GlobalSection(SolutionProperties) = preSolution
		HideSolutionNode = FALSE
	EndGlobalSection
EndGlobal
